
Microsoft Visual Studio Solution File, Format Version 12.00
# Visual Studio 15
VisualStudioVersion = 15.0.28307.271
MinimumVisualStudioVersion = 10.0.40219.1
Project("{9A19103F-16F7-4668-BE54-9A1E7A4F7556}") = "WebApp", "WebApp\WebApp.csproj", "{A1DFEA7D-A5C3-4CFF-BBEC-394671C8E171}"
EndProject
Project("{9A19103F-16F7-4668-BE54-9A1E7A4F7556}") = "Model", "Model\Model.csproj", "{45562EFC-CB0F-48FE-A539-3C26C5C548B2}"
EndProject
Global
	GlobalSection(SolutionConfigurationPlatforms) = preSolution
		Debug|Any CPU = Debug|Any CPU
		Release|Any CPU = Release|Any CPU
	EndGlobalSection
	GlobalSection(ProjectConfigurationPlatforms) = postSolution
		{A1DFEA7D-A5C3-4CFF-BBEC-394671C8E171}.Debug|Any CPU.ActiveCfg = Debug|Any CPU
		{A1DFEA7D-A5C3-4CFF-BBEC-394671C8E171}.Debug|Any CPU.Build.0 = Debug|Any CPU
		{A1DFEA7D-A5C3-4CFF-BBEC-394671C8E171}.Release|Any CPU.ActiveCfg = Release|x64
		{A1DFEA7D-A5C3-4CFF-BBEC-394671C8E171}.Release|Any CPU.Build.0 = Release|x64
		{45562EFC-CB0F-48FE-A539-3C26C5C548B2}.Debug|Any CPU.ActiveCfg = Debug|Any CPU
		{45562EFC-CB0F-48FE-A539-3C26C5C548B2}.Debug|Any CPU.Build.0 = Debug|Any CPU
		{45562EFC-CB0F-48FE-A539-3C26C5C548B2}.Release|Any CPU.ActiveCfg = Release|x64
		{45562EFC-CB0F-48FE-A539-3C26C5C548B2}.Release|Any CPU.Build.0 = Release|x64
	EndGlobalSection
	GlobalSection(SolutionProperties) = preSolution
		HideSolutionNode = FALSE
	EndGlobalSection
	GlobalSection(ExtensibilityGlobals) = postSolution
		SolutionGuid = {72579AD9-C5B5-4DC1-BAD4-D3B3666F6C5B}
	EndGlobalSection
EndGlobal
